{
  "pins" : [
    {
      "identity" : "amityuikit-frameworks-package",
      "kind" : "remoteSourceControl",
      "location" : "https://github.com/kkpp9989/amityuikit-frameworks-package.git",
      "state" : {
        "branch" : "amityuikit-frameworks",
        "revision" : "8684b00fbadb451613c8801737922c70ad2dd011"
      }
    }
  ],
  "version" : 2
}
